<?xml version="1.0" encoding="utf-8"?>
<Project ToolsVersion="4.0" xmlns="http://schemas.microsoft.com/developer/msbuild/2003">
  <ItemGroup>
    <Filter Include="Src">
      <UniqueIdentifier>{a9f237e7-091e-44c9-8acf-4c5f4b2b9639}</UniqueIdentifier>
    </Filter>
    <Filter Include="Src\Entity">
      <UniqueIdentifier>{9be5d990-6705-484e-a05c-7808581c5c12}</UniqueIdentifier>
    </Filter>
    <Filter Include="Src\Flow">
      <UniqueIdentifier>{cf65321d-ee38-4c0d-be14-c6f50d55baec}</UniqueIdentifier>
    </Filter>
    <Filter Include="Src\Flow\Game">
      <UniqueIdentifier>{09259e34-1764-4e77-9e09-d671566c3e1a}</UniqueIdentifier>
    </Filter>
    <Filter Include="Src\Flow\Main">
      <UniqueIdentifier>{024c2589-513d-4155-a90d-cfc5eba72421}</UniqueIdentifier>
    </Filter>
    <Filter Include="Src\Flow\Scene">
      <UniqueIdentifier>{0b2048b0-b6ee-4f79-9e9f-32cf24e0a013}</UniqueIdentifier>
    </Filter>
    <Filter Include="Src\Debug">
      <UniqueIdentifier>{1832a765-c631-4529-9097-4b3abbfb867f}</UniqueIdentifier>
    </Filter>
    <Filter Include="Src\Global">
      <UniqueIdentifier>{d6d38465-e483-4694-8863-4d81c3622eff}</UniqueIdentifier>
    </Filter>
    <Filter Include="Src\Model">
      <UniqueIdentifier>{a0e9d4db-9d43-4725-9466-c015e6635c52}</UniqueIdentifier>
    </Filter>
    <Filter Include="Src\Model\Primitive">
      <UniqueIdentifier>{9d8827ad-a964-4a98-a16b-37f8712ef6d6}</UniqueIdentifier>
    </Filter>
    <Filter Include="Src\UI">
      <UniqueIdentifier>{0a144a40-4925-4471-94f3-32e68b28a5be}</UniqueIdentifier>
    </Filter>
    <Filter Include="Src\Font">
      <UniqueIdentifier>{da1476aa-404d-463e-a218-ced9af8df919}</UniqueIdentifier>
    </Filter>
    <Filter Include="Src\Debug\Draw">
      <UniqueIdentifier>{f63ce13a-6f9e-48ea-8fa9-22ea6271d43f}</UniqueIdentifier>
    </Filter>
    <Filter Include="Src\Debug\Draw\String">
      <UniqueIdentifier>{90284b24-a021-47f5-8003-6296e8f0873f}</UniqueIdentifier>
    </Filter>
    <Filter Include="Src\JobSystem">
      <UniqueIdentifier>{a9efb47a-e745-4efc-881d-18d15707a41d}</UniqueIdentifier>
    </Filter>
  </ItemGroup>
  <ItemGroup>
    <ClInclude Include="..\..\Game\Src\Entity\Entity.h">
      <Filter>Src\Entity</Filter>
    </ClInclude>
    <ClInclude Include="..\..\Game\Src\Entity\EntityHandle.h">
      <Filter>Src\Entity</Filter>
    </ClInclude>
    <ClInclude Include="..\..\Game\Src\Entity\EntityHandleSystem.h">
      <Filter>Src\Entity</Filter>
    </ClInclude>
    <ClInclude Include="..\..\Game\Src\Entity\EntitySystem.h">
      <Filter>Src\Entity</Filter>
    </ClInclude>
    <ClInclude Include="..\..\Game\Src\Flow\Game\GameFlow.h">
      <Filter>Src\Flow\Game</Filter>
    </ClInclude>
    <ClInclude Include="..\..\Game\Src\Flow\Main\MainFlow.h">
      <Filter>Src\Flow\Main</Filter>
    </ClInclude>
    <ClInclude Include="..\..\Game\Src\Flow\Scene\SceneFlow.h">
      <Filter>Src\Flow\Scene</Filter>
    </ClInclude>
    <ClInclude Include="..\..\Game\Src\Global\Global.h">
      <Filter>Src\Global</Filter>
    </ClInclude>
    <ClInclude Include="..\..\Game\Src\Model\Primitive\ModelPrimitive.h">
      <Filter>Src\Model\Primitive</Filter>
    </ClInclude>
    <ClInclude Include="..\..\Game\Src\Model\Model.h">
      <Filter>Src\Model</Filter>
    </ClInclude>
    <ClInclude Include="..\..\Game\Src\UI\UI.h">
      <Filter>Src\UI</Filter>
    </ClInclude>
    <ClInclude Include="..\..\Game\Src\GameInclude.h">
      <Filter>Src</Filter>
    </ClInclude>
    <ClInclude Include="..\..\Game\Src\Font\Font.h">
      <Filter>Src\Font</Filter>
    </ClInclude>
    <ClInclude Include="..\..\Game\Src\Debug\Debug.h">
      <Filter>Src\Debug</Filter>
    </ClInclude>
    <ClInclude Include="..\..\Game\Src\Debug\Draw\String\DebugDrawString.h">
      <Filter>Src\Debug\Draw\String</Filter>
    </ClInclude>
    <ClInclude Include="..\..\Game\Src\Debug\Draw\DebugDraw.h">
      <Filter>Src\Debug\Draw</Filter>
    </ClInclude>
    <ClInclude Include="..\..\Game\Src\JobSystem\JobSystem.h">
      <Filter>Src\JobSystem</Filter>
    </ClInclude>
  </ItemGroup>
  <ItemGroup>
    <ClCompile Include="..\..\Game\Src\Entity\__EntityCpp.cpp">
      <Filter>Src\Entity</Filter>
    </ClCompile>
    <ClCompile Include="..\..\Game\Src\Entity\Entity.cpp">
      <Filter>Src\Entity</Filter>
    </ClCompile>
    <ClCompile Include="..\..\Game\Src\Entity\EntityHandle.cpp">
      <Filter>Src\Entity</Filter>
    </ClCompile>
    <ClCompile Include="..\..\Game\Src\Entity\EntityHandleSystem.cpp">
      <Filter>Src\Entity</Filter>
    </ClCompile>
    <ClCompile Include="..\..\Game\Src\Entity\EntitySystem.cpp">
      <Filter>Src\Entity</Filter>
    </ClCompile>
    <ClCompile Include="..\..\Game\Src\Flow\Game\GameFlow.cpp">
      <Filter>Src\Flow\Game</Filter>
    </ClCompile>
    <ClCompile Include="..\..\Game\Src\Flow\Main\MainFlow.cpp">
      <Filter>Src\Flow\Main</Filter>
    </ClCompile>
    <ClCompile Include="..\..\Game\Src\Flow\Scene\SceneFlow.cpp">
      <Filter>Src\Flow\Scene</Filter>
    </ClCompile>
    <ClCompile Include="..\..\Game\Src\Flow\__Flow.cpp">
      <Filter>Src\Flow</Filter>
    </ClCompile>
    <ClCompile Include="..\..\Game\Src\Global\__GlobalCpp.cpp">
      <Filter>Src\Global</Filter>
    </ClCompile>
    <ClCompile Include="..\..\Game\Src\Global\Global.cpp">
      <Filter>Src\Global</Filter>
    </ClCompile>
    <ClCompile Include="..\..\Game\Src\Model\Primitive\ModelPrimitive.cpp">
      <Filter>Src\Model\Primitive</Filter>
    </ClCompile>
    <ClCompile Include="..\..\Game\Src\Model\__ModelCpp.cpp">
      <Filter>Src\Model</Filter>
    </ClCompile>
    <ClCompile Include="..\..\Game\Src\Model\Model.cpp">
      <Filter>Src\Model</Filter>
    </ClCompile>
    <ClCompile Include="..\..\Game\Src\UI\__UICpp.cpp">
      <Filter>Src\UI</Filter>
    </ClCompile>
    <ClCompile Include="..\..\Game\Src\UI\UI.cpp">
      <Filter>Src\UI</Filter>
    </ClCompile>
    <ClCompile Include="..\..\Game\Src\__RootCpp.cpp">
      <Filter>Src</Filter>
    </ClCompile>
    <ClCompile Include="..\..\Game\Src\Font\Font.cpp">
      <Filter>Src\Font</Filter>
    </ClCompile>
    <ClCompile Include="..\..\Game\Src\Font\__FontCpp.cpp">
      <Filter>Src\Font</Filter>
    </ClCompile>
    <ClCompile Include="..\..\Game\Src\Debug\Debug.cpp">
      <Filter>Src\Debug</Filter>
    </ClCompile>
    <ClCompile Include="..\..\Game\Src\Debug\__DebugCpp.cpp">
      <Filter>Src\Debug</Filter>
    </ClCompile>
    <ClCompile Include="..\..\Game\Src\Debug\Draw\String\DebugDrawString.cpp">
      <Filter>Src\Debug\Draw\String</Filter>
    </ClCompile>
    <ClCompile Include="..\..\Game\Src\Debug\Draw\DebugDraw.cpp">
      <Filter>Src\Debug\Draw</Filter>
    </ClCompile>
    <ClCompile Include="..\..\Game\Src\JobSystem\JobSystem.cpp">
      <Filter>Src\JobSystem</Filter>
    </ClCompile>
    <ClCompile Include="..\..\Game\Src\JobSystem\__JobSystemCpp.cpp">
      <Filter>Src\JobSystem</Filter>
    </ClCompile>
  </ItemGroup>
</Project>