<?xml version="1.0" encoding="utf-8"?>
<Project ToolsVersion="4.0" xmlns="http://schemas.microsoft.com/developer/msbuild/2003">
  <ItemGroup>
    <Filter Include="Src">
      <UniqueIdentifier>{a9f237e7-091e-44c9-8acf-4c5f4b2b9639}</UniqueIdentifier>
    </Filter>
    <Filter Include="Src\Entity">
      <UniqueIdentifier>{9be5d990-6705-484e-a05c-7808581c5c12}</UniqueIdentifier>
    </Filter>
    <Filter Include="Src\Handle">
      <UniqueIdentifier>{ebaa4ab5-90c5-41b6-9e8c-ede50c8e7a1a}</UniqueIdentifier>
    </Filter>
    <Filter Include="Src\JobSystem">
      <UniqueIdentifier>{674af4e5-b0d7-4791-90cc-20e5415e3963}</UniqueIdentifier>
    </Filter>
    <Filter Include="Src\Mutex">
      <UniqueIdentifier>{ede85834-5f81-47ba-a9a5-9766e9a79d45}</UniqueIdentifier>
    </Filter>
    <Filter Include="Src\Mutex\Platform">
      <UniqueIdentifier>{8aa70cf3-2222-4aef-947b-9d7e66b5d800}</UniqueIdentifier>
    </Filter>
    <Filter Include="Src\Mutex\Platform\Win">
      <UniqueIdentifier>{f1d24693-4646-4a2b-9b2d-083d73af5cac}</UniqueIdentifier>
    </Filter>
    <Filter Include="Src\Platform">
      <UniqueIdentifier>{48cded11-bfb2-46b6-a483-a376ad958b4d}</UniqueIdentifier>
    </Filter>
    <Filter Include="Src\StaticVector">
      <UniqueIdentifier>{6681c82c-6e29-4114-bd69-a0957a2607bf}</UniqueIdentifier>
    </Filter>
    <Filter Include="Src\Thread">
      <UniqueIdentifier>{13126c6f-95d5-4832-9c03-37cdb6734bb1}</UniqueIdentifier>
    </Filter>
    <Filter Include="Src\Thread\Platform">
      <UniqueIdentifier>{9c9f2f31-8c1f-41ca-874d-60a1e091232e}</UniqueIdentifier>
    </Filter>
    <Filter Include="Src\Thread\Platform\Win">
      <UniqueIdentifier>{971815b8-5730-4318-9fc0-e3f4f16cbd68}</UniqueIdentifier>
    </Filter>
    <Filter Include="Src\Time">
      <UniqueIdentifier>{0551f360-4f41-4bd3-9f2b-96849a376249}</UniqueIdentifier>
    </Filter>
    <Filter Include="Src\Time\Platform">
      <UniqueIdentifier>{255ff4ab-cdb7-4c54-8ff1-991a3d2ed94d}</UniqueIdentifier>
    </Filter>
    <Filter Include="Src\Time\Platform\Win">
      <UniqueIdentifier>{04291611-39ae-441f-b649-b88c3f0b6a72}</UniqueIdentifier>
    </Filter>
    <Filter Include="Src\Type">
      <UniqueIdentifier>{bf73e61d-c06f-4bae-8522-aefeca2798c0}</UniqueIdentifier>
    </Filter>
    <Filter Include="Src\Vec">
      <UniqueIdentifier>{d03bca25-ba69-49a5-b417-9ab9f0618865}</UniqueIdentifier>
    </Filter>
    <Filter Include="Src\Vec\Platform">
      <UniqueIdentifier>{9ad78597-3059-4381-8958-e78d3f66971c}</UniqueIdentifier>
    </Filter>
    <Filter Include="Src\Vec\Platform\Win">
      <UniqueIdentifier>{7ace03a7-663b-48dc-9e15-ec5685a79c0c}</UniqueIdentifier>
    </Filter>
    <Filter Include="Src\EntryPoint">
      <UniqueIdentifier>{45812e8d-5a30-4512-8759-f52d46889b47}</UniqueIdentifier>
    </Filter>
    <Filter Include="Src\EntryPoint\Platform">
      <UniqueIdentifier>{156fdd85-ce8e-417b-bf5d-15653ad10573}</UniqueIdentifier>
    </Filter>
    <Filter Include="Src\EntryPoint\Platform\Win">
      <UniqueIdentifier>{afed68da-6854-4cc9-82f6-c1650d63bde4}</UniqueIdentifier>
    </Filter>
    <Filter Include="Src\Hardware">
      <UniqueIdentifier>{6cbc0cbd-5897-4d87-a362-87045e181802}</UniqueIdentifier>
    </Filter>
    <Filter Include="Src\Hardware\Platform">
      <UniqueIdentifier>{761ac1f0-c0c3-48c4-9c7b-74b4a23a4c19}</UniqueIdentifier>
    </Filter>
    <Filter Include="Src\Hardware\Platform\Win">
      <UniqueIdentifier>{8211a1d6-df63-403a-b107-262b1bf33165}</UniqueIdentifier>
    </Filter>
    <Filter Include="Src\Utility">
      <UniqueIdentifier>{d918dc40-8c82-41c2-9dcf-f90f4ca04bc8}</UniqueIdentifier>
    </Filter>
    <Filter Include="Src\Utility\Clamp">
      <UniqueIdentifier>{bd538241-d750-4617-a841-6421d0abf473}</UniqueIdentifier>
    </Filter>
    <Filter Include="Src\Utility\Loop">
      <UniqueIdentifier>{ca0cf6e9-8ad6-4266-8adc-056c72326401}</UniqueIdentifier>
    </Filter>
    <Filter Include="Src\Utility\MinMax">
      <UniqueIdentifier>{a2e3f877-b4d9-4651-96e1-df0aad79f052}</UniqueIdentifier>
    </Filter>
    <Filter Include="Src\Utility\Hash">
      <UniqueIdentifier>{98753207-4426-408e-9b7b-b030033118fd}</UniqueIdentifier>
    </Filter>
    <Filter Include="Src\Utility\StringSystem">
      <UniqueIdentifier>{55e8b7b9-e7c7-4993-b6f7-4dcc8ee39901}</UniqueIdentifier>
    </Filter>
    <Filter Include="Src\Utility\StringSystem\UpperLower">
      <UniqueIdentifier>{eaf797f7-b71f-4516-9749-3ff9b4fdaf72}</UniqueIdentifier>
    </Filter>
    <Filter Include="Src\Utility\StringSystem\Split">
      <UniqueIdentifier>{0de7e941-3a7d-4c22-bf37-deb1621d3278}</UniqueIdentifier>
    </Filter>
    <Filter Include="Src\Utility\Path">
      <UniqueIdentifier>{be5e251a-2d8e-4084-a4d3-39401242e82c}</UniqueIdentifier>
    </Filter>
    <Filter Include="Src\Flow">
      <UniqueIdentifier>{cf65321d-ee38-4c0d-be14-c6f50d55baec}</UniqueIdentifier>
    </Filter>
    <Filter Include="Src\Flow\Game">
      <UniqueIdentifier>{09259e34-1764-4e77-9e09-d671566c3e1a}</UniqueIdentifier>
    </Filter>
    <Filter Include="Src\Flow\Main">
      <UniqueIdentifier>{024c2589-513d-4155-a90d-cfc5eba72421}</UniqueIdentifier>
    </Filter>
    <Filter Include="Src\Flow\Scene">
      <UniqueIdentifier>{0b2048b0-b6ee-4f79-9e9f-32cf24e0a013}</UniqueIdentifier>
    </Filter>
    <Filter Include="Src\BuildConfig">
      <UniqueIdentifier>{f2b570cc-6894-4120-9197-de22e497d5b4}</UniqueIdentifier>
    </Filter>
    <Filter Include="Src\Debug">
      <UniqueIdentifier>{1832a765-c631-4529-9097-4b3abbfb867f}</UniqueIdentifier>
    </Filter>
    <Filter Include="Src\Debug\Assert">
      <UniqueIdentifier>{1cc1dd6f-8af5-4fa5-add2-b981bc5fc0a0}</UniqueIdentifier>
    </Filter>
    <Filter Include="Src\Debug\Assert\Platform">
      <UniqueIdentifier>{260567eb-193f-46a2-8c1f-2c208e45e7ca}</UniqueIdentifier>
    </Filter>
    <Filter Include="Src\Debug\Assert\Platform\Win">
      <UniqueIdentifier>{c8f2d23d-4738-415e-94b1-a67a43fe3f85}</UniqueIdentifier>
    </Filter>
    <Filter Include="Src\Debug\Log">
      <UniqueIdentifier>{bfbbfc96-c2d0-4a7a-9ebf-23f7f0d7c316}</UniqueIdentifier>
    </Filter>
    <Filter Include="Src\Debug\Log\Platform">
      <UniqueIdentifier>{3c3fb9a2-991a-4b54-ac66-ea203e53d2ad}</UniqueIdentifier>
    </Filter>
    <Filter Include="Src\Debug\Log\Platform\Win">
      <UniqueIdentifier>{20e75a27-a0be-4ecd-b633-eb3f19378158}</UniqueIdentifier>
    </Filter>
    <Filter Include="Src\Rect">
      <UniqueIdentifier>{ccc00da5-cbdb-40c5-9d71-2887469e95bd}</UniqueIdentifier>
    </Filter>
    <Filter Include="Src\Global">
      <UniqueIdentifier>{d6d38465-e483-4694-8863-4d81c3622eff}</UniqueIdentifier>
    </Filter>
    <Filter Include="Src\Shader">
      <UniqueIdentifier>{2c5fc5b7-108d-4e8b-81a5-8ef7443ebd95}</UniqueIdentifier>
    </Filter>
    <Filter Include="Src\Shader\Vertex">
      <UniqueIdentifier>{27b8d7d5-520e-4e7d-be8b-019bb5cfed4a}</UniqueIdentifier>
    </Filter>
    <Filter Include="Src\Shader\Pixel">
      <UniqueIdentifier>{bc074af7-af04-4e3f-9eb5-a3ad07e1d7fb}</UniqueIdentifier>
    </Filter>
    <Filter Include="Src\Shader\Platform">
      <UniqueIdentifier>{d8538bd8-840f-47e4-9256-34d8ee1041e9}</UniqueIdentifier>
    </Filter>
    <Filter Include="Src\Shader\Platform\Win">
      <UniqueIdentifier>{754dba97-b941-4131-b54a-3195ab03f5ef}</UniqueIdentifier>
    </Filter>
    <Filter Include="Src\Shader\Platform\Win\Base">
      <UniqueIdentifier>{d25e88a4-8ece-4f9c-954b-5e4d57d76938}</UniqueIdentifier>
    </Filter>
    <Filter Include="Src\Shader\Base">
      <UniqueIdentifier>{de73cd45-c08d-48bf-b9bc-db0a5a2158ea}</UniqueIdentifier>
    </Filter>
    <Filter Include="Src\FileSystem">
      <UniqueIdentifier>{040d70fd-dabb-4ae8-84e2-d5fba2b13c18}</UniqueIdentifier>
    </Filter>
    <Filter Include="Src\FileSystem\FileInfo">
      <UniqueIdentifier>{e11d23df-45a3-4a44-a145-1347216ae90a}</UniqueIdentifier>
    </Filter>
    <Filter Include="Src\FileSystem\Work">
      <UniqueIdentifier>{7fea40c2-8716-430d-8c61-7fd48adc0662}</UniqueIdentifier>
    </Filter>
    <Filter Include="Src\FileSystem\Platform">
      <UniqueIdentifier>{74de5684-b877-45ef-9eb8-e73fdffa2640}</UniqueIdentifier>
    </Filter>
    <Filter Include="Src\FileSystem\Platform\Win">
      <UniqueIdentifier>{be220cbe-0f75-4f30-a055-18194da2bc63}</UniqueIdentifier>
    </Filter>
    <Filter Include="Src\FileSystem\Platform\Win\FileEnumerator">
      <UniqueIdentifier>{0b377ebb-7c80-4461-9db4-be23daab053f}</UniqueIdentifier>
    </Filter>
    <Filter Include="Src\FileSystem\Platform\Win\FileInfo">
      <UniqueIdentifier>{335249e3-75fa-48bc-b132-ad23c9e911e0}</UniqueIdentifier>
    </Filter>
    <Filter Include="Src\FileSystem\FileEnumerator">
      <UniqueIdentifier>{3fb38796-bc5d-485d-80f6-d90ceeb80fb6}</UniqueIdentifier>
    </Filter>
    <Filter Include="Src\Color">
      <UniqueIdentifier>{a21ac3ac-2d60-484c-a822-2c129d4f7bdc}</UniqueIdentifier>
    </Filter>
    <Filter Include="Src\Texture">
      <UniqueIdentifier>{1ad8c54d-16cb-4e20-ae58-567cb483f3e4}</UniqueIdentifier>
    </Filter>
    <Filter Include="Src\Input">
      <UniqueIdentifier>{fad3427c-767d-4d64-83b0-267f7d91011f}</UniqueIdentifier>
    </Filter>
    <Filter Include="Src\Input\Keyboard">
      <UniqueIdentifier>{fb4a2842-ddc0-4158-b9d0-8d60227648cd}</UniqueIdentifier>
    </Filter>
    <Filter Include="Src\Input\Platform">
      <UniqueIdentifier>{54aa7c68-b470-4940-9c85-ed0bc1c0f63c}</UniqueIdentifier>
    </Filter>
    <Filter Include="Src\Input\Platform\Win">
      <UniqueIdentifier>{1bea1689-f072-4fe9-a2d0-57a528c34fd7}</UniqueIdentifier>
    </Filter>
    <Filter Include="Src\Texture\DDS">
      <UniqueIdentifier>{24e3259c-6f94-4b93-a73d-8c784d283560}</UniqueIdentifier>
    </Filter>
    <Filter Include="Src\Model">
      <UniqueIdentifier>{a0e9d4db-9d43-4725-9466-c015e6635c52}</UniqueIdentifier>
    </Filter>
    <Filter Include="Src\Model\Primitive">
      <UniqueIdentifier>{9d8827ad-a964-4a98-a16b-37f8712ef6d6}</UniqueIdentifier>
    </Filter>
    <Filter Include="Src\UI">
      <UniqueIdentifier>{0a144a40-4925-4471-94f3-32e68b28a5be}</UniqueIdentifier>
    </Filter>
    <Filter Include="Src\Platform\Win">
      <UniqueIdentifier>{d01fb814-542f-4b35-9b27-a091cf87a53a}</UniqueIdentifier>
    </Filter>
    <Filter Include="Src\FileSystem\Path">
      <UniqueIdentifier>{52f2c8d0-77f8-43fe-88fc-0ce3dc4d7898}</UniqueIdentifier>
    </Filter>
    <Filter Include="Src\Input\Platform\Win\Keyboard">
      <UniqueIdentifier>{ec9de8fe-7270-4995-b128-4230dd02b7c5}</UniqueIdentifier>
    </Filter>
    <Filter Include="Src\Input\Mouse">
      <UniqueIdentifier>{525b7e56-5190-4b24-8818-a9f27073880b}</UniqueIdentifier>
    </Filter>
    <Filter Include="Src\Input\Platform\Win\Mouse">
      <UniqueIdentifier>{00e8f583-db79-45f3-b9e5-ec5765159017}</UniqueIdentifier>
    </Filter>
    <Filter Include="Src\Font">
      <UniqueIdentifier>{da1476aa-404d-463e-a218-ced9af8df919}</UniqueIdentifier>
    </Filter>
    <Filter Include="Src\Utility\Endian">
      <UniqueIdentifier>{dd483ce6-52c6-4fec-8557-cff5c498a0c7}</UniqueIdentifier>
    </Filter>
    <Filter Include="Src\Debug\Draw">
      <UniqueIdentifier>{f63ce13a-6f9e-48ea-8fa9-22ea6271d43f}</UniqueIdentifier>
    </Filter>
    <Filter Include="Src\Debug\Draw\String">
      <UniqueIdentifier>{90284b24-a021-47f5-8003-6296e8f0873f}</UniqueIdentifier>
    </Filter>
  </ItemGroup>
  <ItemGroup>
    <ClInclude Include="..\..\Game\Src\BuildConfig\BuildConfig.h">
      <Filter>Src\BuildConfig</Filter>
    </ClInclude>
    <ClInclude Include="..\..\Game\Src\Color\Color.h">
      <Filter>Src\Color</Filter>
    </ClInclude>
    <ClInclude Include="..\..\Game\Src\Color\ConvColor.h">
      <Filter>Src\Color</Filter>
    </ClInclude>
    <ClInclude Include="..\..\Game\Src\Debug\Assert\Platform\Win\AssertImpl.h">
      <Filter>Src\Debug\Assert\Platform\Win</Filter>
    </ClInclude>
    <ClInclude Include="..\..\Game\Src\Debug\Assert\Assert.h">
      <Filter>Src\Debug\Assert</Filter>
    </ClInclude>
    <ClInclude Include="..\..\Game\Src\Debug\Log\Platform\Win\LogImpl.h">
      <Filter>Src\Debug\Log\Platform\Win</Filter>
    </ClInclude>
    <ClInclude Include="..\..\Game\Src\Debug\Log\Log.h">
      <Filter>Src\Debug\Log</Filter>
    </ClInclude>
    <ClInclude Include="..\..\Game\Src\Entity\Entity.h">
      <Filter>Src\Entity</Filter>
    </ClInclude>
    <ClInclude Include="..\..\Game\Src\Entity\EntityHandle.h">
      <Filter>Src\Entity</Filter>
    </ClInclude>
    <ClInclude Include="..\..\Game\Src\Entity\EntityHandleSystem.h">
      <Filter>Src\Entity</Filter>
    </ClInclude>
    <ClInclude Include="..\..\Game\Src\Entity\EntitySystem.h">
      <Filter>Src\Entity</Filter>
    </ClInclude>
    <ClInclude Include="..\..\Game\Src\EntryPoint\Platform\Win\MainImpl.h">
      <Filter>Src\EntryPoint\Platform\Win</Filter>
    </ClInclude>
    <ClInclude Include="..\..\Game\Src\FileSystem\FileEnumerator\FileSystemFileEnumerator.h">
      <Filter>Src\FileSystem\FileEnumerator</Filter>
    </ClInclude>
    <ClInclude Include="..\..\Game\Src\FileSystem\FileInfo\FileSystemFileInfo.h">
      <Filter>Src\FileSystem\FileInfo</Filter>
    </ClInclude>
    <ClInclude Include="..\..\Game\Src\FileSystem\Path\FileSystemPath.h">
      <Filter>Src\FileSystem\Path</Filter>
    </ClInclude>
    <ClInclude Include="..\..\Game\Src\FileSystem\Platform\Win\FileEnumerator\FileSystemFileEnumeratorImpl.h">
      <Filter>Src\FileSystem\Platform\Win\FileEnumerator</Filter>
    </ClInclude>
    <ClInclude Include="..\..\Game\Src\FileSystem\Platform\Win\FileInfo\FileSystemFileInfoImpl.h">
      <Filter>Src\FileSystem\Platform\Win\FileInfo</Filter>
    </ClInclude>
    <ClInclude Include="..\..\Game\Src\FileSystem\Platform\Win\FileSystemImpl.h">
      <Filter>Src\FileSystem\Platform\Win</Filter>
    </ClInclude>
    <ClInclude Include="..\..\Game\Src\FileSystem\Work\FileSystemWork.h">
      <Filter>Src\FileSystem\Work</Filter>
    </ClInclude>
    <ClInclude Include="..\..\Game\Src\FileSystem\Work\FileSystemWorkHandle.h">
      <Filter>Src\FileSystem\Work</Filter>
    </ClInclude>
    <ClInclude Include="..\..\Game\Src\FileSystem\FileSystem.h">
      <Filter>Src\FileSystem</Filter>
    </ClInclude>
    <ClInclude Include="..\..\Game\Src\Flow\Game\GameFlow.h">
      <Filter>Src\Flow\Game</Filter>
    </ClInclude>
    <ClInclude Include="..\..\Game\Src\Flow\Main\MainFlow.h">
      <Filter>Src\Flow\Main</Filter>
    </ClInclude>
    <ClInclude Include="..\..\Game\Src\Flow\Scene\SceneFlow.h">
      <Filter>Src\Flow\Scene</Filter>
    </ClInclude>
    <ClInclude Include="..\..\Game\Src\Global\Global.h">
      <Filter>Src\Global</Filter>
    </ClInclude>
    <ClInclude Include="..\..\Game\Src\Handle\Handle.h">
      <Filter>Src\Handle</Filter>
    </ClInclude>
    <ClInclude Include="..\..\Game\Src\Handle\HandleSystem.h">
      <Filter>Src\Handle</Filter>
    </ClInclude>
    <ClInclude Include="..\..\Game\Src\Hardware\Platform\Win\HardwareImpl.h">
      <Filter>Src\Hardware\Platform\Win</Filter>
    </ClInclude>
    <ClInclude Include="..\..\Game\Src\Hardware\Hardware.h">
      <Filter>Src\Hardware</Filter>
    </ClInclude>
    <ClInclude Include="..\..\Game\Src\Input\Platform\Win\Keyboard\InputKeyboardImpl.h">
      <Filter>Src\Input\Platform\Win\Keyboard</Filter>
    </ClInclude>
    <ClInclude Include="..\..\Game\Src\Input\Keyboard\InputKeyboard.h">
      <Filter>Src\Input\Keyboard</Filter>
    </ClInclude>
    <ClInclude Include="..\..\Game\Src\Input\Input.h">
      <Filter>Src\Input</Filter>
    </ClInclude>
    <ClInclude Include="..\..\Game\Src\JobSystem\JobSystem.h">
      <Filter>Src\JobSystem</Filter>
    </ClInclude>
    <ClInclude Include="..\..\Game\Src\Model\Primitive\ModelPrimitive.h">
      <Filter>Src\Model\Primitive</Filter>
    </ClInclude>
    <ClInclude Include="..\..\Game\Src\Model\Model.h">
      <Filter>Src\Model</Filter>
    </ClInclude>
    <ClInclude Include="..\..\Game\Src\Mutex\Platform\Win\CriticalSectionImpl.h">
      <Filter>Src\Mutex\Platform\Win</Filter>
    </ClInclude>
    <ClInclude Include="..\..\Game\Src\Mutex\CriticalSection.h">
      <Filter>Src\Mutex</Filter>
    </ClInclude>
    <ClInclude Include="..\..\Game\Src\Platform\Win\PlatformImpl.h">
      <Filter>Src\Platform\Win</Filter>
    </ClInclude>
    <ClInclude Include="..\..\Game\Src\Platform\Platform.h">
      <Filter>Src\Platform</Filter>
    </ClInclude>
    <ClInclude Include="..\..\Game\Src\Rect\Rect.h">
      <Filter>Src\Rect</Filter>
    </ClInclude>
    <ClInclude Include="..\..\Game\Src\Shader\Base\BaseShader.h">
      <Filter>Src\Shader\Base</Filter>
    </ClInclude>
    <ClInclude Include="..\..\Game\Src\Shader\Pixel\PixelShader.h">
      <Filter>Src\Shader\Pixel</Filter>
    </ClInclude>
    <ClInclude Include="..\..\Game\Src\Shader\Platform\Win\Base\BaseShaderImpl.h">
      <Filter>Src\Shader\Platform\Win\Base</Filter>
    </ClInclude>
    <ClInclude Include="..\..\Game\Src\Shader\Vertex\VertexShader.h">
      <Filter>Src\Shader\Vertex</Filter>
    </ClInclude>
    <ClInclude Include="..\..\Game\Src\Shader\Shader.h">
      <Filter>Src\Shader</Filter>
    </ClInclude>
    <ClInclude Include="..\..\Game\Src\StaticVector\StaticVector.h">
      <Filter>Src\StaticVector</Filter>
    </ClInclude>
    <ClInclude Include="..\..\Game\Src\Texture\DDS\ReadDDS.h">
      <Filter>Src\Texture\DDS</Filter>
    </ClInclude>
    <ClInclude Include="..\..\Game\Src\Texture\Texture.h">
      <Filter>Src\Texture</Filter>
    </ClInclude>
    <ClInclude Include="..\..\Game\Src\Thread\Platform\Win\ThreadHandle.h">
      <Filter>Src\Thread\Platform\Win</Filter>
    </ClInclude>
    <ClInclude Include="..\..\Game\Src\Thread\Platform\Win\ThreadSystemImpl.h">
      <Filter>Src\Thread\Platform\Win</Filter>
    </ClInclude>
    <ClInclude Include="..\..\Game\Src\Thread\Thread.h">
      <Filter>Src\Thread</Filter>
    </ClInclude>
    <ClInclude Include="..\..\Game\Src\Thread\ThreadDef.h">
      <Filter>Src\Thread</Filter>
    </ClInclude>
    <ClInclude Include="..\..\Game\Src\Thread\ThreadSystem.h">
      <Filter>Src\Thread</Filter>
    </ClInclude>
    <ClInclude Include="..\..\Game\Src\Time\Platform\Win\TickImpl.h">
      <Filter>Src\Time\Platform\Win</Filter>
    </ClInclude>
    <ClInclude Include="..\..\Game\Src\Time\Platform\Win\TimeImpl.h">
      <Filter>Src\Time\Platform\Win</Filter>
    </ClInclude>
    <ClInclude Include="..\..\Game\Src\Time\Tick.h">
      <Filter>Src\Time</Filter>
    </ClInclude>
    <ClInclude Include="..\..\Game\Src\Time\Time.h">
      <Filter>Src\Time</Filter>
    </ClInclude>
    <ClInclude Include="..\..\Game\Src\Type\ArithmetricType.h">
      <Filter>Src\Type</Filter>
    </ClInclude>
    <ClInclude Include="..\..\Game\Src\Type\ClassDefine.h">
      <Filter>Src\Type</Filter>
    </ClInclude>
    <ClInclude Include="..\..\Game\Src\UI\UI.h">
      <Filter>Src\UI</Filter>
    </ClInclude>
    <ClInclude Include="..\..\Game\Src\Utility\Utility.h">
      <Filter>Src\Utility</Filter>
    </ClInclude>
    <ClInclude Include="..\..\Game\Src\Utility\Clamp\Clamp.h">
      <Filter>Src\Utility\Clamp</Filter>
    </ClInclude>
    <ClInclude Include="..\..\Game\Src\Utility\Hash\Hash.h">
      <Filter>Src\Utility\Hash</Filter>
    </ClInclude>
    <ClInclude Include="..\..\Game\Src\Utility\Loop\Loop.h">
      <Filter>Src\Utility\Loop</Filter>
    </ClInclude>
    <ClInclude Include="..\..\Game\Src\Utility\MinMax\MinMax.h">
      <Filter>Src\Utility\MinMax</Filter>
    </ClInclude>
    <ClInclude Include="..\..\Game\Src\Utility\Path\Path.h">
      <Filter>Src\Utility\Path</Filter>
    </ClInclude>
    <ClInclude Include="..\..\Game\Src\Utility\StringSystem\Split\StringSystemSplit.h">
      <Filter>Src\Utility\StringSystem\Split</Filter>
    </ClInclude>
    <ClInclude Include="..\..\Game\Src\Utility\StringSystem\UpperLower\StringSystemToUpperLower.h">
      <Filter>Src\Utility\StringSystem\UpperLower</Filter>
    </ClInclude>
    <ClInclude Include="..\..\Game\Src\Utility\StringSystem\StringSystem.h">
      <Filter>Src\Utility\StringSystem</Filter>
    </ClInclude>
    <ClInclude Include="..\..\Game\Src\Vec\Platform\Win\Vec4Impl.h">
      <Filter>Src\Vec\Platform\Win</Filter>
    </ClInclude>
    <ClInclude Include="..\..\Game\Src\Vec\Vec4.h">
      <Filter>Src\Vec</Filter>
    </ClInclude>
    <ClInclude Include="..\..\Game\Src\ForceInclude.h">
      <Filter>Src</Filter>
    </ClInclude>
    <ClInclude Include="..\..\Game\Src\Setting.h">
      <Filter>Src</Filter>
    </ClInclude>
    <ClInclude Include="..\..\Game\Src\Input\Mouse\InputMouse.h">
      <Filter>Src\Input\Mouse</Filter>
    </ClInclude>
    <ClInclude Include="..\..\Game\Src\Input\Platform\Win\Mouse\InputMouseImpl.h">
      <Filter>Src\Input\Platform\Win\Mouse</Filter>
    </ClInclude>
    <ClInclude Include="..\..\Game\Src\Font\Font.h">
      <Filter>Src\Font</Filter>
    </ClInclude>
    <ClInclude Include="..\..\Game\Src\Utility\Endian\Endian.h">
      <Filter>Src\Utility\Endian</Filter>
    </ClInclude>
    <ClInclude Include="..\..\Game\Src\Debug\Debug.h">
      <Filter>Src\Debug</Filter>
    </ClInclude>
    <ClInclude Include="..\..\Game\Src\Debug\Draw\String\DebugDrawString.h">
      <Filter>Src\Debug\Draw\String</Filter>
    </ClInclude>
    <ClInclude Include="..\..\Game\Src\Debug\Draw\DebugDraw.h">
      <Filter>Src\Debug\Draw</Filter>
    </ClInclude>
  </ItemGroup>
  <ItemGroup>
    <ClCompile Include="..\..\Game\Src\Debug\Assert\Platform\Win\AssertImpl.cpp">
      <Filter>Src\Debug\Assert\Platform\Win</Filter>
    </ClCompile>
    <ClCompile Include="..\..\Game\Src\Debug\Log\Platform\Win\LogImpl.cpp">
      <Filter>Src\Debug\Log\Platform\Win</Filter>
    </ClCompile>
    <ClCompile Include="..\..\Game\Src\Debug\Log\Log.cpp">
      <Filter>Src\Debug\Log</Filter>
    </ClCompile>
    <ClCompile Include="..\..\Game\Src\Entity\__EntityCpp.cpp">
      <Filter>Src\Entity</Filter>
    </ClCompile>
    <ClCompile Include="..\..\Game\Src\Entity\Entity.cpp">
      <Filter>Src\Entity</Filter>
    </ClCompile>
    <ClCompile Include="..\..\Game\Src\Entity\EntityHandle.cpp">
      <Filter>Src\Entity</Filter>
    </ClCompile>
    <ClCompile Include="..\..\Game\Src\Entity\EntityHandleSystem.cpp">
      <Filter>Src\Entity</Filter>
    </ClCompile>
    <ClCompile Include="..\..\Game\Src\Entity\EntitySystem.cpp">
      <Filter>Src\Entity</Filter>
    </ClCompile>
    <ClCompile Include="..\..\Game\Src\EntryPoint\Platform\Win\MainImpl.cpp">
      <Filter>Src\EntryPoint\Platform\Win</Filter>
    </ClCompile>
    <ClCompile Include="..\..\Game\Src\EntryPoint\__EntryPointCpp.cpp">
      <Filter>Src\EntryPoint</Filter>
    </ClCompile>
    <ClCompile Include="..\..\Game\Src\EntryPoint\Main.cpp">
      <Filter>Src\EntryPoint</Filter>
    </ClCompile>
    <ClCompile Include="..\..\Game\Src\FileSystem\FileEnumerator\FileSystemFileEnumerator.cpp">
      <Filter>Src\FileSystem\FileEnumerator</Filter>
    </ClCompile>
    <ClCompile Include="..\..\Game\Src\FileSystem\FileInfo\FileSystemFileInfo.cpp">
      <Filter>Src\FileSystem\FileInfo</Filter>
    </ClCompile>
    <ClCompile Include="..\..\Game\Src\FileSystem\Path\FileSystemPath.cpp">
      <Filter>Src\FileSystem\Path</Filter>
    </ClCompile>
    <ClCompile Include="..\..\Game\Src\FileSystem\Platform\Win\FileEnumerator\FileSystemFileEnumeratorImpl.cpp">
      <Filter>Src\FileSystem\Platform\Win\FileEnumerator</Filter>
    </ClCompile>
    <ClCompile Include="..\..\Game\Src\FileSystem\Platform\Win\FileInfo\FileSystemFileInfoImpl.cpp">
      <Filter>Src\FileSystem\Platform\Win\FileInfo</Filter>
    </ClCompile>
    <ClCompile Include="..\..\Game\Src\FileSystem\Platform\Win\FileSystemImpl.cpp">
      <Filter>Src\FileSystem\Platform\Win</Filter>
    </ClCompile>
    <ClCompile Include="..\..\Game\Src\FileSystem\Work\FileSystemWork.cpp">
      <Filter>Src\FileSystem\Work</Filter>
    </ClCompile>
    <ClCompile Include="..\..\Game\Src\FileSystem\Work\FileSystemWorkHandle.cpp">
      <Filter>Src\FileSystem\Work</Filter>
    </ClCompile>
    <ClCompile Include="..\..\Game\Src\FileSystem\FileSystem.cpp">
      <Filter>Src\FileSystem</Filter>
    </ClCompile>
    <ClCompile Include="..\..\Game\Src\FileSystem\__FileSystemCpp.cpp">
      <Filter>Src\FileSystem</Filter>
    </ClCompile>
    <ClCompile Include="..\..\Game\Src\Flow\Game\GameFlow.cpp">
      <Filter>Src\Flow\Game</Filter>
    </ClCompile>
    <ClCompile Include="..\..\Game\Src\Flow\Main\MainFlow.cpp">
      <Filter>Src\Flow\Main</Filter>
    </ClCompile>
    <ClCompile Include="..\..\Game\Src\Flow\Scene\SceneFlow.cpp">
      <Filter>Src\Flow\Scene</Filter>
    </ClCompile>
    <ClCompile Include="..\..\Game\Src\Flow\__Flow.cpp">
      <Filter>Src\Flow</Filter>
    </ClCompile>
    <ClCompile Include="..\..\Game\Src\Global\__GlobalCpp.cpp">
      <Filter>Src\Global</Filter>
    </ClCompile>
    <ClCompile Include="..\..\Game\Src\Global\Global.cpp">
      <Filter>Src\Global</Filter>
    </ClCompile>
    <ClCompile Include="..\..\Game\Src\Hardware\Platform\Win\HardwareImpl.cpp">
      <Filter>Src\Hardware\Platform\Win</Filter>
    </ClCompile>
    <ClCompile Include="..\..\Game\Src\Hardware\__HardwareCpp.cpp">
      <Filter>Src\Hardware</Filter>
    </ClCompile>
    <ClCompile Include="..\..\Game\Src\Hardware\Hardware.cpp">
      <Filter>Src\Hardware</Filter>
    </ClCompile>
    <ClCompile Include="..\..\Game\Src\Input\Platform\Win\Keyboard\InputKeyboardImpl.cpp">
      <Filter>Src\Input\Platform\Win\Keyboard</Filter>
    </ClCompile>
    <ClCompile Include="..\..\Game\Src\Input\Keyboard\InputKeyboard.cpp">
      <Filter>Src\Input\Keyboard</Filter>
    </ClCompile>
    <ClCompile Include="..\..\Game\Src\Input\__InputCpp.cpp">
      <Filter>Src\Input</Filter>
    </ClCompile>
    <ClCompile Include="..\..\Game\Src\Input\Input.cpp">
      <Filter>Src\Input</Filter>
    </ClCompile>
    <ClCompile Include="..\..\Game\Src\JobSystem\__JobSystemCpp.cpp">
      <Filter>Src\JobSystem</Filter>
    </ClCompile>
    <ClCompile Include="..\..\Game\Src\JobSystem\JobSystem.cpp">
      <Filter>Src\JobSystem</Filter>
    </ClCompile>
    <ClCompile Include="..\..\Game\Src\Model\Primitive\ModelPrimitive.cpp">
      <Filter>Src\Model\Primitive</Filter>
    </ClCompile>
    <ClCompile Include="..\..\Game\Src\Model\__ModelCpp.cpp">
      <Filter>Src\Model</Filter>
    </ClCompile>
    <ClCompile Include="..\..\Game\Src\Model\Model.cpp">
      <Filter>Src\Model</Filter>
    </ClCompile>
    <ClCompile Include="..\..\Game\Src\Mutex\Platform\Win\CriticalSectionImpl.cpp">
      <Filter>Src\Mutex\Platform\Win</Filter>
    </ClCompile>
    <ClCompile Include="..\..\Game\Src\Mutex\__MutexCpp.cpp">
      <Filter>Src\Mutex</Filter>
    </ClCompile>
    <ClCompile Include="..\..\Game\Src\Mutex\CriticalSection.cpp">
      <Filter>Src\Mutex</Filter>
    </ClCompile>
    <ClCompile Include="..\..\Game\Src\Shader\Base\BaseShader.cpp">
      <Filter>Src\Shader\Base</Filter>
    </ClCompile>
    <ClCompile Include="..\..\Game\Src\Shader\Pixel\PixelShader.cpp">
      <Filter>Src\Shader\Pixel</Filter>
    </ClCompile>
    <ClCompile Include="..\..\Game\Src\Shader\Platform\Win\Base\BaseShaderImpl.cpp">
      <Filter>Src\Shader\Platform\Win\Base</Filter>
    </ClCompile>
    <ClCompile Include="..\..\Game\Src\Shader\Vertex\VertexShader.cpp">
      <Filter>Src\Shader\Vertex</Filter>
    </ClCompile>
    <ClCompile Include="..\..\Game\Src\Shader\__ShaderCpp.cpp">
      <Filter>Src\Shader</Filter>
    </ClCompile>
    <ClCompile Include="..\..\Game\Src\Shader\Shader.cpp">
      <Filter>Src\Shader</Filter>
    </ClCompile>
    <ClCompile Include="..\..\Game\Src\Texture\DDS\ReadDDS.cpp">
      <Filter>Src\Texture\DDS</Filter>
    </ClCompile>
    <ClCompile Include="..\..\Game\Src\Texture\__TextureCpp.cpp">
      <Filter>Src\Texture</Filter>
    </ClCompile>
    <ClCompile Include="..\..\Game\Src\Texture\Texture.cpp">
      <Filter>Src\Texture</Filter>
    </ClCompile>
    <ClCompile Include="..\..\Game\Src\Thread\Platform\Win\ThreadHandle.cpp">
      <Filter>Src\Thread\Platform\Win</Filter>
    </ClCompile>
    <ClCompile Include="..\..\Game\Src\Thread\Platform\Win\ThreadSystemImpl.cpp">
      <Filter>Src\Thread\Platform\Win</Filter>
    </ClCompile>
    <ClCompile Include="..\..\Game\Src\Thread\__ThreadCpp.cpp">
      <Filter>Src\Thread</Filter>
    </ClCompile>
    <ClCompile Include="..\..\Game\Src\Thread\Thread.cpp">
      <Filter>Src\Thread</Filter>
    </ClCompile>
    <ClCompile Include="..\..\Game\Src\Thread\ThreadSystem.cpp">
      <Filter>Src\Thread</Filter>
    </ClCompile>
    <ClCompile Include="..\..\Game\Src\Time\Platform\Win\TickImpl.cpp">
      <Filter>Src\Time\Platform\Win</Filter>
    </ClCompile>
    <ClCompile Include="..\..\Game\Src\Time\Platform\Win\TimeImpl.cpp">
      <Filter>Src\Time\Platform\Win</Filter>
    </ClCompile>
    <ClCompile Include="..\..\Game\Src\Time\__TimeCpp.cpp">
      <Filter>Src\Time</Filter>
    </ClCompile>
    <ClCompile Include="..\..\Game\Src\Time\Tick.cpp">
      <Filter>Src\Time</Filter>
    </ClCompile>
    <ClCompile Include="..\..\Game\Src\Time\Time.cpp">
      <Filter>Src\Time</Filter>
    </ClCompile>
    <ClCompile Include="..\..\Game\Src\UI\__UICpp.cpp">
      <Filter>Src\UI</Filter>
    </ClCompile>
    <ClCompile Include="..\..\Game\Src\UI\UI.cpp">
      <Filter>Src\UI</Filter>
    </ClCompile>
    <ClCompile Include="..\..\Game\Src\Utility\__UtilityCpp.cpp">
      <Filter>Src\Utility</Filter>
    </ClCompile>
    <ClCompile Include="..\..\Game\Src\Utility\Path\Path.cpp">
      <Filter>Src\Utility\Path</Filter>
    </ClCompile>
    <ClCompile Include="..\..\Game\Src\__RootCpp.cpp">
      <Filter>Src</Filter>
    </ClCompile>
    <ClCompile Include="..\..\Game\Src\Setting.cpp">
      <Filter>Src</Filter>
    </ClCompile>
    <ClCompile Include="..\..\Game\Src\Input\Mouse\InputMouse.cpp">
      <Filter>Src\Input\Mouse</Filter>
    </ClCompile>
    <ClCompile Include="..\..\Game\Src\Input\Platform\Win\Mouse\InputMouseImpl.cpp">
      <Filter>Src\Input\Platform\Win\Mouse</Filter>
    </ClCompile>
    <ClCompile Include="..\..\Game\Src\Font\Font.cpp">
      <Filter>Src\Font</Filter>
    </ClCompile>
    <ClCompile Include="..\..\Game\Src\Font\__FontCpp.cpp">
      <Filter>Src\Font</Filter>
    </ClCompile>
    <ClCompile Include="..\..\Game\Src\Debug\Debug.cpp">
      <Filter>Src\Debug</Filter>
    </ClCompile>
    <ClCompile Include="..\..\Game\Src\Debug\__DebugCpp.cpp">
      <Filter>Src\Debug</Filter>
    </ClCompile>
    <ClCompile Include="..\..\Game\Src\Debug\Draw\String\DebugDrawString.cpp">
      <Filter>Src\Debug\Draw\String</Filter>
    </ClCompile>
    <ClCompile Include="..\..\Game\Src\Debug\Draw\DebugDraw.cpp">
      <Filter>Src\Debug\Draw</Filter>
    </ClCompile>
  </ItemGroup>
  <ItemGroup>
    <None Include="..\..\Game\Src\Handle\Handle.inl">
      <Filter>Src\Handle</Filter>
    </None>
    <None Include="..\..\Game\Src\Handle\HandleSystem.inl">
      <Filter>Src\Handle</Filter>
    </None>
    <None Include="..\..\Game\Src\Rect\Rect.inl">
      <Filter>Src\Rect</Filter>
    </None>
    <None Include="..\..\Game\Src\StaticVector\StaticVector.inl">
      <Filter>Src\StaticVector</Filter>
    </None>
    <None Include="..\..\Game\Src\Utility\Clamp\Clamp.inl">
      <Filter>Src\Utility\Clamp</Filter>
    </None>
    <None Include="..\..\Game\Src\Utility\Hash\Hash.inl">
      <Filter>Src\Utility\Hash</Filter>
    </None>
    <None Include="..\..\Game\Src\Utility\Loop\Loop.inl">
      <Filter>Src\Utility\Loop</Filter>
    </None>
    <None Include="..\..\Game\Src\Utility\MinMax\MinMax.inl">
      <Filter>Src\Utility\MinMax</Filter>
    </None>
    <None Include="..\..\Game\Src\Utility\StringSystem\Split\StringSystemSplit.inl">
      <Filter>Src\Utility\StringSystem\Split</Filter>
    </None>
    <None Include="..\..\Game\Src\Utility\StringSystem\UpperLower\StringSystemToUpperLower.inl">
      <Filter>Src\Utility\StringSystem\UpperLower</Filter>
    </None>
    <None Include="..\..\Game\Src\Vec\Platform\Win\Vec4Impl.inl">
      <Filter>Src\Vec\Platform\Win</Filter>
    </None>
    <None Include="..\..\Game\Src\Utility\Endian\Endian.inl">
      <Filter>Src\Utility\Endian</Filter>
    </None>
  </ItemGroup>
  <ItemGroup>
    <Natvis Include="..\..\Game\Src\StaticVector\StaticVector.natvis">
      <Filter>Src\StaticVector</Filter>
    </Natvis>
  </ItemGroup>
</Project>