<?xml version="1.0" encoding="utf-8"?>
<Project ToolsVersion="4.0" xmlns="http://schemas.microsoft.com/developer/msbuild/2003">
  <ItemGroup>
    <Filter Include="Src">
      <UniqueIdentifier>{4FC737F1-C7A5-4376-A066-2A32D752A2FF}</UniqueIdentifier>
      <Extensions>cpp;c;cc;cxx;c++;cppm;ixx;def;odl;idl;hpj;bat;asm;asmx</Extensions>
    </Filter>
    <Filter Include="Src\Debug">
      <UniqueIdentifier>{a7b5b42a-ef68-499f-8342-2b9b6f805714}</UniqueIdentifier>
    </Filter>
    <Filter Include="Src\Entity">
      <UniqueIdentifier>{d9bc76eb-91b9-4340-bd14-22067ae7465b}</UniqueIdentifier>
    </Filter>
    <Filter Include="Src\Flow">
      <UniqueIdentifier>{33fddb97-3311-4f3c-b15f-18cb2db93353}</UniqueIdentifier>
    </Filter>
    <Filter Include="Src\Font">
      <UniqueIdentifier>{d0f2827e-f463-4aff-ac84-b3cd8be90527}</UniqueIdentifier>
    </Filter>
    <Filter Include="Src\Global">
      <UniqueIdentifier>{1138c50e-be49-451b-ad92-e8c739c9d63d}</UniqueIdentifier>
    </Filter>
    <Filter Include="Src\Model">
      <UniqueIdentifier>{c3f069e6-38e9-4a8a-bd85-a2b93e7ee3b6}</UniqueIdentifier>
    </Filter>
    <Filter Include="Src\Module">
      <UniqueIdentifier>{a0db87be-9c98-4ce9-bbcb-b7fcb42a3f74}</UniqueIdentifier>
    </Filter>
    <Filter Include="Src\UI">
      <UniqueIdentifier>{2e1508c2-aadf-4f09-b935-8a9a98d9d34b}</UniqueIdentifier>
    </Filter>
    <Filter Include="Src\Debug\Draw">
      <UniqueIdentifier>{7409b458-5a33-477d-9428-33624226cf40}</UniqueIdentifier>
    </Filter>
    <Filter Include="Src\Debug\Draw\String">
      <UniqueIdentifier>{643ebc51-c90d-4ebf-b5a2-230f61fc2633}</UniqueIdentifier>
    </Filter>
    <Filter Include="Src\Flow\Game">
      <UniqueIdentifier>{836bd510-04c2-446c-ae9e-44e9d4eeb3d9}</UniqueIdentifier>
    </Filter>
    <Filter Include="Src\Flow\Scene">
      <UniqueIdentifier>{3bbd7299-07f3-452a-8113-684d272d8f96}</UniqueIdentifier>
    </Filter>
    <Filter Include="Src\Model\Primitive">
      <UniqueIdentifier>{eefea170-bf20-4221-999a-d154650683b4}</UniqueIdentifier>
    </Filter>
    <Filter Include="Src\Utility">
      <UniqueIdentifier>{62c0268a-bdba-41ba-af54-e821d36e94c9}</UniqueIdentifier>
    </Filter>
    <Filter Include="Src\Component">
      <UniqueIdentifier>{ddbf7b63-ff9b-43ea-8d98-a83365171b1a}</UniqueIdentifier>
    </Filter>
    <Filter Include="Src\Component\System">
      <UniqueIdentifier>{fca05992-8072-48d7-8fba-f0bb1db74d5f}</UniqueIdentifier>
    </Filter>
    <Filter Include="Src\Component\System\List">
      <UniqueIdentifier>{1051f1d4-f289-474b-810f-d0eb1d697051}</UniqueIdentifier>
    </Filter>
    <Filter Include="Src\Component\System\Manager">
      <UniqueIdentifier>{89664615-9c53-4883-bb29-95c4d4071769}</UniqueIdentifier>
    </Filter>
    <Filter Include="Src\Component\Behavior">
      <UniqueIdentifier>{26c3ab8d-24ca-4fc4-91ca-8563539ab528}</UniqueIdentifier>
    </Filter>
    <Filter Include="Src\Component\Renderer">
      <UniqueIdentifier>{20314f94-3ad7-42ad-80f2-99a5c110eda6}</UniqueIdentifier>
    </Filter>
    <Filter Include="Src\Component\Transform">
      <UniqueIdentifier>{134a567b-d16e-466c-a944-c1f49e6145e7}</UniqueIdentifier>
    </Filter>
    <Filter Include="Src\Component\System\Table">
      <UniqueIdentifier>{58188d59-9e90-4ad1-8221-be5610828cb4}</UniqueIdentifier>
    </Filter>
    <Filter Include="Src\Debug\Draw\Primitive2D">
      <UniqueIdentifier>{c9f174a7-0cc0-4f8e-9a65-5f2de23cccef}</UniqueIdentifier>
    </Filter>
    <Filter Include="Src\Rendering">
      <UniqueIdentifier>{cc58a958-76e0-4001-8d0a-7cb39eadb0f0}</UniqueIdentifier>
    </Filter>
    <Filter Include="Src\Rendering\Pass">
      <UniqueIdentifier>{b9ab09e4-bb15-45df-81bf-a179a9c42d47}</UniqueIdentifier>
    </Filter>
    <Filter Include="Src\Rendering\Sprite">
      <UniqueIdentifier>{cf5669d5-eee5-4b7f-81c0-6273e3df45dc}</UniqueIdentifier>
    </Filter>
    <Filter Include="Src\Resource">
      <UniqueIdentifier>{9d2906d7-f516-4236-b700-4b4bd5c0dc2c}</UniqueIdentifier>
    </Filter>
    <Filter Include="Src\Resource\Texture">
      <UniqueIdentifier>{52ab0203-a3a7-43cf-a052-54a769ed7b12}</UniqueIdentifier>
    </Filter>
  </ItemGroup>
  <ItemGroup>
    <ClCompile Include="..\..\..\Application\App\__RootCpp.cpp">
      <Filter>Src</Filter>
    </ClCompile>
    <ClCompile Include="..\..\..\Application\App\Debug\__DebugCpp.cpp">
      <Filter>Src\Debug</Filter>
    </ClCompile>
    <ClCompile Include="..\..\..\Application\App\Debug\Debug.cpp">
      <Filter>Src\Debug</Filter>
    </ClCompile>
    <ClCompile Include="..\..\..\Application\App\Debug\Draw\DebugDraw.cpp">
      <Filter>Src\Debug\Draw</Filter>
    </ClCompile>
    <ClCompile Include="..\..\..\Application\App\Debug\Draw\String\DebugDrawString.cpp">
      <Filter>Src\Debug\Draw\String</Filter>
    </ClCompile>
    <ClCompile Include="..\..\..\Application\App\Entity\__EntityCpp.cpp">
      <Filter>Src\Entity</Filter>
    </ClCompile>
    <ClCompile Include="..\..\..\Application\App\Entity\Entity.cpp">
      <Filter>Src\Entity</Filter>
    </ClCompile>
    <ClCompile Include="..\..\..\Application\App\Entity\EntityManager.cpp">
      <Filter>Src\Entity</Filter>
    </ClCompile>
    <ClCompile Include="..\..\..\Application\App\Flow\__Flow.cpp">
      <Filter>Src\Flow</Filter>
    </ClCompile>
    <ClCompile Include="..\..\..\Application\App\Flow\Game\GameFlow.cpp">
      <Filter>Src\Flow\Game</Filter>
    </ClCompile>
    <ClCompile Include="..\..\..\Application\App\Flow\Scene\SceneFlow.cpp">
      <Filter>Src\Flow\Scene</Filter>
    </ClCompile>
    <ClCompile Include="..\..\..\Application\App\Font\__FontCpp.cpp">
      <Filter>Src\Font</Filter>
    </ClCompile>
    <ClCompile Include="..\..\..\Application\App\Font\Font.cpp">
      <Filter>Src\Font</Filter>
    </ClCompile>
    <ClCompile Include="..\..\..\Application\App\Global\__GlobalCpp.cpp">
      <Filter>Src\Global</Filter>
    </ClCompile>
    <ClCompile Include="..\..\..\Application\App\Global\Global.cpp">
      <Filter>Src\Global</Filter>
    </ClCompile>
    <ClCompile Include="..\..\..\Application\App\Model\__ModelCpp.cpp">
      <Filter>Src\Model</Filter>
    </ClCompile>
    <ClCompile Include="..\..\..\Application\App\Model\Model.cpp">
      <Filter>Src\Model</Filter>
    </ClCompile>
    <ClCompile Include="..\..\..\Application\App\Model\Primitive\ModelPrimitive.cpp">
      <Filter>Src\Model\Primitive</Filter>
    </ClCompile>
    <ClCompile Include="..\..\..\Application\App\Module\AppModule.cpp">
      <Filter>Src\Module</Filter>
    </ClCompile>
    <ClCompile Include="..\..\..\Application\App\UI\__UICpp.cpp">
      <Filter>Src\UI</Filter>
    </ClCompile>
    <ClCompile Include="..\..\..\Application\App\UI\UI.cpp">
      <Filter>Src\UI</Filter>
    </ClCompile>
    <ClCompile Include="..\..\..\Application\App\Module\__ModuleCpp.cpp">
      <Filter>Src\Module</Filter>
    </ClCompile>
    <ClCompile Include="..\..\..\Application\App\Utility\UtilityConvertPosition.cpp">
      <Filter>Src\Utility</Filter>
    </ClCompile>
    <ClCompile Include="..\..\..\Application\App\Utility\__UtilityCpp.cpp">
      <Filter>Src\Utility</Filter>
    </ClCompile>
    <ClCompile Include="..\..\..\Application\App\Component\ComponentBase.cpp">
      <Filter>Src\Component</Filter>
    </ClCompile>
    <ClCompile Include="..\..\..\Application\App\Component\__ComponentCpp.cpp">
      <Filter>Src\Component</Filter>
    </ClCompile>
    <ClCompile Include="..\..\..\Application\App\Component\System\List\ComponentList.cpp">
      <Filter>Src\Component\System\List</Filter>
    </ClCompile>
    <ClCompile Include="..\..\..\Application\App\Component\System\Manager\ComponentManager.cpp">
      <Filter>Src\Component\System\Manager</Filter>
    </ClCompile>
    <ClCompile Include="..\..\..\Application\App\Component\Behavior\EnemyBehaviorComponent.cpp">
      <Filter>Src\Component\Behavior</Filter>
    </ClCompile>
    <ClCompile Include="..\..\..\Application\App\Component\Behavior\PlayerBehaviorComponent.cpp">
      <Filter>Src\Component\Behavior</Filter>
    </ClCompile>
    <ClCompile Include="..\..\..\Application\App\Component\Renderer\SpriteRendererComponent.cpp">
      <Filter>Src\Component\Renderer</Filter>
    </ClCompile>
    <ClCompile Include="..\..\..\Application\App\Component\Transform\TransformComponent.cpp">
      <Filter>Src\Component\Transform</Filter>
    </ClCompile>
    <ClCompile Include="..\..\..\Application\App\Component\System\Table\ComponentPriorityTable.cpp">
      <Filter>Src\Component\System\Table</Filter>
    </ClCompile>
    <ClCompile Include="..\..\..\Application\App\Component\System\Table\ComponentRequireTable.cpp">
      <Filter>Src\Component\System\Table</Filter>
    </ClCompile>
    <ClCompile Include="..\..\..\Application\App\Debug\Draw\Primitive2D\DebugDrawPrimitive2D.cpp">
      <Filter>Src\Debug\Draw\Primitive2D</Filter>
    </ClCompile>
    <ClCompile Include="..\..\..\Application\App\Rendering\__RenderingCpp.cpp">
      <Filter>Src\Rendering</Filter>
    </ClCompile>
    <ClCompile Include="..\..\..\Application\App\Rendering\RenderingManager.cpp">
      <Filter>Src\Rendering</Filter>
    </ClCompile>
    <ClCompile Include="..\..\..\Application\App\Rendering\Pass\RenderingPass_Debug2D.cpp">
      <Filter>Src\Rendering\Pass</Filter>
    </ClCompile>
    <ClCompile Include="..\..\..\Application\App\Rendering\Pass\RenderingPass_Sprite.cpp">
      <Filter>Src\Rendering\Pass</Filter>
    </ClCompile>
    <ClCompile Include="..\..\..\Application\App\Rendering\Pass\RenderingPass_Model.cpp">
      <Filter>Src\Rendering\Pass</Filter>
    </ClCompile>
    <ClCompile Include="..\..\..\Application\App\Rendering\Pass\RenderingPass_BeginFrame.cpp">
      <Filter>Src\Rendering\Pass</Filter>
    </ClCompile>
    <ClCompile Include="..\..\..\Application\App\Rendering\Pass\RenderingPass_EndFrame.cpp">
      <Filter>Src\Rendering\Pass</Filter>
    </ClCompile>
    <ClCompile Include="..\..\..\Application\App\Rendering\Sprite\SpriteRenderingManager.cpp">
      <Filter>Src\Rendering\Sprite</Filter>
    </ClCompile>
    <ClCompile Include="..\..\..\Application\App\Rendering\Sprite\Sprite.cpp">
      <Filter>Src\Rendering\Sprite</Filter>
    </ClCompile>
    <ClCompile Include="..\..\..\Application\App\Resource\Texture\TextureManager.cpp">
      <Filter>Src\Resource\Texture</Filter>
    </ClCompile>
    <ClCompile Include="..\..\..\Application\App\Resource\__ResourceCpp.cpp">
      <Filter>Src\Resource</Filter>
    </ClCompile>
    <ClCompile Include="..\..\..\Application\App\Rendering\Sprite\SpriteImpl.cpp">
      <Filter>Src\Rendering\Sprite</Filter>
    </ClCompile>
  </ItemGroup>
  <ItemGroup>
    <ClInclude Include="..\..\..\Application\App\AppInclude.h">
      <Filter>Src</Filter>
    </ClInclude>
    <ClInclude Include="..\..\..\Application\App\Debug\Debug.h">
      <Filter>Src\Debug</Filter>
    </ClInclude>
    <ClInclude Include="..\..\..\Application\App\Debug\Draw\DebugDraw.h">
      <Filter>Src\Debug\Draw</Filter>
    </ClInclude>
    <ClInclude Include="..\..\..\Application\App\Debug\Draw\String\DebugDrawString.h">
      <Filter>Src\Debug\Draw\String</Filter>
    </ClInclude>
    <ClInclude Include="..\..\..\Application\App\Entity\Entity.h">
      <Filter>Src\Entity</Filter>
    </ClInclude>
    <ClInclude Include="..\..\..\Application\App\Entity\EntityManager.h">
      <Filter>Src\Entity</Filter>
    </ClInclude>
    <ClInclude Include="..\..\..\Application\App\Flow\Game\GameFlow.h">
      <Filter>Src\Flow\Game</Filter>
    </ClInclude>
    <ClInclude Include="..\..\..\Application\App\Flow\Scene\SceneFlow.h">
      <Filter>Src\Flow\Scene</Filter>
    </ClInclude>
    <ClInclude Include="..\..\..\Application\App\Font\Font.h">
      <Filter>Src\Font</Filter>
    </ClInclude>
    <ClInclude Include="..\..\..\Application\App\Global\Global.h">
      <Filter>Src\Global</Filter>
    </ClInclude>
    <ClInclude Include="..\..\..\Application\App\Model\Model.h">
      <Filter>Src\Model</Filter>
    </ClInclude>
    <ClInclude Include="..\..\..\Application\App\Model\Primitive\ModelPrimitive.h">
      <Filter>Src\Model\Primitive</Filter>
    </ClInclude>
    <ClInclude Include="..\..\..\Application\App\Module\AppModule.h">
      <Filter>Src\Module</Filter>
    </ClInclude>
    <ClInclude Include="..\..\..\Application\App\UI\UI.h">
      <Filter>Src\UI</Filter>
    </ClInclude>
    <ClInclude Include="..\..\..\Application\App\Utility\UtilityConvertPosition.h">
      <Filter>Src\Utility</Filter>
    </ClInclude>
    <ClInclude Include="..\..\..\Application\App\Component\ComponentBase.h">
      <Filter>Src\Component</Filter>
    </ClInclude>
    <ClInclude Include="..\..\..\Application\App\Component\ComponentDef.h">
      <Filter>Src\Component</Filter>
    </ClInclude>
    <ClInclude Include="..\..\..\Application\App\Component\System\List\ComponentList.h">
      <Filter>Src\Component\System\List</Filter>
    </ClInclude>
    <ClInclude Include="..\..\..\Application\App\Component\System\Manager\ComponentManager.h">
      <Filter>Src\Component\System\Manager</Filter>
    </ClInclude>
    <ClInclude Include="..\..\..\Application\App\Component\Behavior\EnemyBehaviorComponent.h">
      <Filter>Src\Component\Behavior</Filter>
    </ClInclude>
    <ClInclude Include="..\..\..\Application\App\Component\Behavior\PlayerBehaviorComponent.h">
      <Filter>Src\Component\Behavior</Filter>
    </ClInclude>
    <ClInclude Include="..\..\..\Application\App\Component\Renderer\SpriteRendererComponent.h">
      <Filter>Src\Component\Renderer</Filter>
    </ClInclude>
    <ClInclude Include="..\..\..\Application\App\Component\Transform\TransformComponent.h">
      <Filter>Src\Component\Transform</Filter>
    </ClInclude>
    <ClInclude Include="..\..\..\Application\App\Component\ComponentHeaderInclude.h">
      <Filter>Src\Component</Filter>
    </ClInclude>
    <ClInclude Include="..\..\..\Application\App\Component\System\Table\ComponentPriorityTable.h">
      <Filter>Src\Component\System\Table</Filter>
    </ClInclude>
    <ClInclude Include="..\..\..\Application\App\Component\System\AllComponentInclude.h">
      <Filter>Src\Component\System</Filter>
    </ClInclude>
    <ClInclude Include="..\..\..\Application\App\Component\System\Table\ComponentRequireTable.h">
      <Filter>Src\Component\System\Table</Filter>
    </ClInclude>
    <ClInclude Include="..\..\..\Application\App\Debug\Draw\Primitive2D\DebugDrawPrimitive2D.h">
      <Filter>Src\Debug\Draw\Primitive2D</Filter>
    </ClInclude>
    <ClInclude Include="..\..\..\Application\App\Rendering\RenderingManager.h">
      <Filter>Src\Rendering</Filter>
    </ClInclude>
    <ClInclude Include="..\..\..\Application\App\Rendering\RenderingParam.h">
      <Filter>Src\Rendering</Filter>
    </ClInclude>
    <ClInclude Include="..\..\..\Application\App\Rendering\Pass\RenderingPass_Debug2D.h">
      <Filter>Src\Rendering\Pass</Filter>
    </ClInclude>
    <ClInclude Include="..\..\..\Application\App\Rendering\Pass\RenderingPass_Sprite.h">
      <Filter>Src\Rendering\Pass</Filter>
    </ClInclude>
    <ClInclude Include="..\..\..\Application\App\Rendering\Pass\RenderingPass_Model.h">
      <Filter>Src\Rendering\Pass</Filter>
    </ClInclude>
    <ClInclude Include="..\..\..\Application\App\Rendering\Pass\RenderingPass_BeginFrame.h">
      <Filter>Src\Rendering\Pass</Filter>
    </ClInclude>
    <ClInclude Include="..\..\..\Application\App\Rendering\Pass\RenderingPass_EndFrame.h">
      <Filter>Src\Rendering\Pass</Filter>
    </ClInclude>
    <ClInclude Include="..\..\..\Application\App\Rendering\Pass\RenderingPassBase.h">
      <Filter>Src\Rendering\Pass</Filter>
    </ClInclude>
    <ClInclude Include="..\..\..\Application\App\Rendering\Sprite\SpriteRenderingManager.h">
      <Filter>Src\Rendering\Sprite</Filter>
    </ClInclude>
    <ClInclude Include="..\..\..\Application\App\Rendering\Sprite\Sprite.h">
      <Filter>Src\Rendering\Sprite</Filter>
    </ClInclude>
    <ClInclude Include="..\..\..\Application\App\Resource\Texture\TextureManager.h">
      <Filter>Src\Resource\Texture</Filter>
    </ClInclude>
    <ClInclude Include="..\..\..\Application\App\Rendering\Sprite\SpriteImpl.h">
      <Filter>Src\Rendering\Sprite</Filter>
    </ClInclude>
  </ItemGroup>
  <ItemGroup>
    <None Include="..\..\..\Application\App\Component\System\List\ComponentList.inl">
      <Filter>Src\Component\System\List</Filter>
    </None>
    <None Include="..\..\..\Application\App\Component\System\Manager\ComponentManager.inl">
      <Filter>Src\Component\System\Manager</Filter>
    </None>
    <None Include="..\..\..\Application\App\Component\System\Table\ComponentPriorityTable.inl">
      <Filter>Src\Component\System\Table</Filter>
    </None>
    <None Include="..\..\..\Application\App\Component\System\Table\ComponentRequireTable.inl">
      <Filter>Src\Component\System\Table</Filter>
    </None>
    <None Include="..\..\..\Application\App\Debug\Draw\String\DebugDrawString.inl">
      <Filter>Src\Debug\Draw\String</Filter>
    </None>
  </ItemGroup>
</Project>